<?xml version="1.0" encoding="utf-8"?>
<Project ToolsVersion="4.0" xmlns="http://schemas.microsoft.com/developer/msbuild/2003">
  <ItemGroup>
    <Filter Include="Source Files">
      <UniqueIdentifier>{4FC737F1-C7A5-4376-A066-2A32D752A2FF}</UniqueIdentifier>
      <Extensions>cpp;c;cc;cxx;def;odl;idl;hpj;bat;asm;asmx</Extensions>
    </Filter>
    <Filter Include="Header Files">
      <UniqueIdentifier>{93995380-89BD-4b04-88EB-625FBE52EBFB}</UniqueIdentifier>
      <Extensions>h;hh;hpp;hxx;hm;inl;inc;xsd</Extensions>
    </Filter>
    <Filter Include="Resource Files">
      <UniqueIdentifier>{67DA6AB6-F800-4c08-8B7A-83BB121AAD01}</UniqueIdentifier>
      <Extensions>rc;ico;cur;bmp;dlg;rc2;rct;bin;rgs;gif;jpg;jpeg;jpe;resx;tiff;tif;png;wav;mfcribbon-ms</Extensions>
    </Filter>
    <Filter Include="Shaders">
      <UniqueIdentifier>{8ab29fcd-75a0-409a-83db-e7c55defb23b}</UniqueIdentifier>
    </Filter>
    <Filter Include="TTK">
      <UniqueIdentifier>{7c78330e-5a6d-441d-9f62-3b14cfb8b23d}</UniqueIdentifier>
    </Filter>
  </ItemGroup>
  <ItemGroup>
    <ClCompile Include="main.cpp">
      <Filter>Source Files</Filter>
    </ClCompile>
    <ClCompile Include="Game.cpp">
      <Filter>Source Files</Filter>
    </ClCompile>
    <ClCompile Include="Timer.cpp">
      <Filter>Source Files</Filter>
    </ClCompile>
    <ClCompile Include="Mesh.cpp">
      <Filter>Source Files</Filter>
    </ClCompile>
    <ClCompile Include="ShaderProgram.cpp">
      <Filter>Source Files</Filter>
    </ClCompile>
    <ClCompile Include="Enemy.cpp">
      <Filter>Source Files</Filter>
    </ClCompile>
    <ClCompile Include="GameObject.cpp">
      <Filter>Source Files</Filter>
    </ClCompile>
    <ClCompile Include="Texture.cpp">
      <Filter>Source Files</Filter>
    </ClCompile>
    <ClCompile Include="Light.cpp">
      <Filter>Source Files</Filter>
    </ClCompile>
    <ClCompile Include="Trap.cpp">
      <Filter>Source Files</Filter>
    </ClCompile>
    <ClCompile Include="Bullet.cpp">
      <Filter>Source Files</Filter>
    </ClCompile>
    <ClCompile Include="Obstacles.cpp">
      <Filter>Source Files</Filter>
    </ClCompile>
    <ClCompile Include="UIGameObject.cpp">
      <Filter>Source Files</Filter>
    </ClCompile>
    <ClCompile Include="Material.cpp">
      <Filter>Source Files</Filter>
    </ClCompile>
    <ClCompile Include="Player.cpp">
      <Filter>Source Files</Filter>
    </ClCompile>
    <ClCompile Include="sound.cpp">
      <Filter>Source Files</Filter>
    </ClCompile>
    <ClCompile Include="LUT.cpp">
      <Filter>Source Files</Filter>
    </ClCompile>
  </ItemGroup>
  <ItemGroup>
    <ClInclude Include="Game.h">
      <Filter>Header Files</Filter>
    </ClInclude>
    <ClInclude Include="Timer.h">
      <Filter>Header Files</Filter>
    </ClInclude>
    <ClInclude Include="Mesh.h">
      <Filter>Header Files</Filter>
    </ClInclude>
    <ClInclude Include="ShaderProgram.h">
      <Filter>Header Files</Filter>
    </ClInclude>
    <ClInclude Include="AnimationMath.h">
      <Filter>Header Files</Filter>
    </ClInclude>
    <ClInclude Include="Enemy.h">
      <Filter>Header Files</Filter>
    </ClInclude>
    <ClInclude Include="GameObject.h">
      <Filter>Header Files</Filter>
    </ClInclude>
    <ClInclude Include="Texture.h">
      <Filter>Header Files</Filter>
    </ClInclude>
    <ClInclude Include="Light.h">
      <Filter>Header Files</Filter>
    </ClInclude>
    <ClInclude Include="Trap.h">
      <Filter>Header Files</Filter>
    </ClInclude>
    <ClInclude Include="Bullet.h">
      <Filter>Header Files</Filter>
    </ClInclude>
    <ClInclude Include="Obstacles.h">
      <Filter>Header Files</Filter>
    </ClInclude>
    <ClInclude Include="UIObjects.h">
      <Filter>Header Files</Filter>
    </ClInclude>
    <ClInclude Include="Material.h">
      <Filter>Header Files</Filter>
    </ClInclude>
    <ClInclude Include="Player.h">
      <Filter>Header Files</Filter>
    </ClInclude>
    <ClInclude Include="Soundheader.h">
      <Filter>Header Files</Filter>
    </ClInclude>
    <ClInclude Include="LUT.h">
      <Filter>Header Files</Filter>
    </ClInclude>
    <ClInclude Include="include\TTK\Camera.h">
      <Filter>TTK</Filter>
    </ClInclude>
    <ClInclude Include="include\TTK\IO.h">
      <Filter>TTK</Filter>
    </ClInclude>
    <ClInclude Include="include\TTK\MeshBase.h">
      <Filter>TTK</Filter>
    </ClInclude>
    <ClInclude Include="include\TTK\OBJMesh.h">
      <Filter>TTK</Filter>
    </ClInclude>
    <ClInclude Include="include\TTK\QuadMesh.h">
      <Filter>TTK</Filter>
    </ClInclude>
    <ClInclude Include="include\TTK\Texture2D.h">
      <Filter>TTK</Filter>
    </ClInclude>
    <ClInclude Include="include\TTK\Utilities.h">
      <Filter>TTK</Filter>
    </ClInclude>
  </ItemGroup>
  <ItemGroup>
    <None Include="shaders\Phong.vert">
      <Filter>Shaders</Filter>
    </None>
    <None Include="shaders\PhongNoTexture.frag">
      <Filter>Shaders</Filter>
    </None>
    <None Include="shaders\Phong.frag">
      <Filter>Shaders</Filter>
    </None>
    <None Include="..\..\background\faultlinegame-pyroboy-b859a34722f1\Game\shaders\lighting.frag">
      <Filter>Shaders</Filter>
    </None>
    <None Include="..\..\background\faultlinegame-pyroboy-b859a34722f1\Game\shaders\lighting.vs">
      <Filter>Shaders</Filter>
    </None>
    <None Include="shaders\noLight.frag">
      <Filter>Shaders</Filter>
    </None>
    <None Include="shaders\noLight.vert">
      <Filter>Shaders</Filter>
    </None>
    <None Include="shaders\lut_f.glsl">
      <Filter>Shaders</Filter>
    </None>
    <None Include="shaders\default_v.glsl">
      <Filter>Shaders</Filter>
    </None>
  </ItemGroup>
</Project>