
Microsoft Visual Studio Solution File, Format Version 12.00
# Visual Studio 15
VisualStudioVersion = 15.0.26730.16
MinimumVisualStudioVersion = 10.0.40219.1
Project("{8BC9CEB8-8B4A-11D0-8D11-00A0C91BC942}") = "Game", "Game\Game.vcxproj", "{309B2DDC-1779-4F70-BD49-73B290F1DEFA}"
EndProject
Global
	GlobalSection(SolutionConfigurationPlatforms) = preSolution
		Debug|x64 = Debug|x64
		Debug|x86 = Debug|x86
		Release|x64 = Release|x64
		Release|x86 = Release|x86
	EndGlobalSection
	GlobalSection(ProjectConfigurationPlatforms) = postSolution
		{309B2DDC-1779-4F70-BD49-73B290F1DEFA}.Debug|x64.ActiveCfg = Debug|x64
		{309B2DDC-1779-4F70-BD49-73B290F1DEFA}.Debug|x64.Build.0 = Debug|x64
		{309B2DDC-1779-4F70-BD49-73B290F1DEFA}.Debug|x86.ActiveCfg = Debug|Win32
		{309B2DDC-1779-4F70-BD49-73B290F1DEFA}.Debug|x86.Build.0 = Debug|Win32
		{309B2DDC-1779-4F70-BD49-73B290F1DEFA}.Release|x64.ActiveCfg = Release|x64
		{309B2DDC-1779-4F70-BD49-73B290F1DEFA}.Release|x64.Build.0 = Release|x64
		{309B2DDC-1779-4F70-BD49-73B290F1DEFA}.Release|x86.ActiveCfg = Release|Win32
		{309B2DDC-1779-4F70-BD49-73B290F1DEFA}.Release|x86.Build.0 = Release|Win32
	EndGlobalSection
	GlobalSection(SolutionProperties) = preSolution
		HideSolutionNode = FALSE
	EndGlobalSection
	GlobalSection(ExtensibilityGlobals) = postSolution
		SolutionGuid = {3594BEB1-1756-4E2A-B016-2A9BE4521B3D}
	EndGlobalSection
EndGlobal
